version = 1
revision = 3
requires-python = "==3.10.*"

[[package]]
name = "contourpy"
version = "1.3.2"
source = { registry = "https://pypi.org/simple" }
dependencies = [
    { name = "numpy" },
]
sdist = { url = "https://files.pythonhosted.org/packages/66/54/eb9bfc647b19f2009dd5c7f5ec51c4e6ca831725f1aea7a993034f483147/contourpy-1.3.2.tar.gz", hash = "sha256:b6945942715a034c671b7fc54f9588126b0b8bf23db2696e3ca8328f3ff0ab54", size = 13466130, upload-time = "2025-04-15T17:47:53.79Z" }
wheels = [
    { url = "https://files.pythonhosted.org/packages/12/a3/da4153ec8fe25d263aa48c1a4cbde7f49b59af86f0b6f7862788c60da737/contourpy-1.3.2-cp310-cp310-macosx_10_9_x86_64.whl", hash = "sha256:ba38e3f9f330af820c4b27ceb4b9c7feee5fe0493ea53a8720f4792667465934", size = 268551, upload-time = "2025-04-15T17:34:46.581Z" },
    { url = "https://files.pythonhosted.org/packages/2f/6c/330de89ae1087eb622bfca0177d32a7ece50c3ef07b28002de4757d9d875/contourpy-1.3.2-cp310-cp310-macosx_11_0_arm64.whl", hash = "sha256:dc41ba0714aa2968d1f8674ec97504a8f7e334f48eeacebcaa6256213acb0989", size = 253399, upload-time = "2025-04-15T17:34:51.427Z" },
    { url = "https://files.pythonhosted.org/packages/c1/bd/20c6726b1b7f81a8bee5271bed5c165f0a8e1f572578a9d27e2ccb763cb2/contourpy-1.3.2-cp310-cp310-manylinux_2_17_aarch64.manylinux2014_aarch64.whl", hash = "sha256:9be002b31c558d1ddf1b9b415b162c603405414bacd6932d031c5b5a8b757f0d", size = 312061, upload-time = "2025-04-15T17:34:55.961Z" },
    { url = "https://files.pythonhosted.org/packages/22/fc/a9665c88f8a2473f823cf1ec601de9e5375050f1958cbb356cdf06ef1ab6/contourpy-1.3.2-cp310-cp310-manylinux_2_17_ppc64le.manylinux2014_ppc64le.whl", hash = "sha256:8d2e74acbcba3bfdb6d9d8384cdc4f9260cae86ed9beee8bd5f54fee49a430b9", size = 351956, upload-time = "2025-04-15T17:35:00.992Z" },
    { url = "https://files.pythonhosted.org/packages/25/eb/9f0a0238f305ad8fb7ef42481020d6e20cf15e46be99a1fcf939546a177e/contourpy-1.3.2-cp310-cp310-manylinux_2_17_s390x.manylinux2014_s390x.whl", hash = "sha256:e259bced5549ac64410162adc973c5e2fb77f04df4a439d00b478e57a0e65512", size = 320872, upload-time = "2025-04-15T17:35:06.177Z" },
    { url = "https://files.pythonhosted.org/packages/32/5c/1ee32d1c7956923202f00cf8d2a14a62ed7517bdc0ee1e55301227fc273c/contourpy-1.3.2-cp310-cp310-manylinux_2_17_x86_64.manylinux2014_x86_64.whl", hash = "sha256:ad687a04bc802cbe8b9c399c07162a3c35e227e2daccf1668eb1f278cb698631", size = 325027, upload-time = "2025-04-15T17:35:11.244Z" },
    { url = "https://files.pythonhosted.org/packages/83/bf/9baed89785ba743ef329c2b07fd0611d12bfecbedbdd3eeecf929d8d3b52/contourpy-1.3.2-cp310-cp310-musllinux_1_2_aarch64.whl", hash = "sha256:cdd22595308f53ef2f891040ab2b93d79192513ffccbd7fe19be7aa773a5e09f", size = 1306641, upload-time = "2025-04-15T17:35:26.701Z" },
    { url = "https://files.pythonhosted.org/packages/d4/cc/74e5e83d1e35de2d28bd97033426b450bc4fd96e092a1f7a63dc7369b55d/contourpy-1.3.2-cp310-cp310-musllinux_1_2_x86_64.whl", hash = "sha256:b4f54d6a2defe9f257327b0f243612dd051cc43825587520b1bf74a31e2f6ef2", size = 1374075, upload-time = "2025-04-15T17:35:43.204Z" },
    { url = "https://files.pythonhosted.org/packages/0c/42/17f3b798fd5e033b46a16f8d9fcb39f1aba051307f5ebf441bad1ecf78f8/contourpy-1.3.2-cp310-cp310-win32.whl", hash = "sha256:f939a054192ddc596e031e50bb13b657ce318cf13d264f095ce9db7dc6ae81c0", size = 177534, upload-time = "2025-04-15T17:35:46.554Z" },
    { url = "https://files.pythonhosted.org/packages/54/ec/5162b8582f2c994721018d0c9ece9dc6ff769d298a8ac6b6a652c307e7df/contourpy-1.3.2-cp310-cp310-win_amd64.whl", hash = "sha256:c440093bbc8fc21c637c03bafcbef95ccd963bc6e0514ad887932c18ca2a759a", size = 221188, upload-time = "2025-04-15T17:35:50.064Z" },
    { url = "https://files.pythonhosted.org/packages/33/05/b26e3c6ecc05f349ee0013f0bb850a761016d89cec528a98193a48c34033/contourpy-1.3.2-pp310-pypy310_pp73-macosx_10_15_x86_64.whl", hash = "sha256:fd93cc7f3139b6dd7aab2f26a90dde0aa9fc264dbf70f6740d498a70b860b82c", size = 265681, upload-time = "2025-04-15T17:44:59.314Z" },
    { url = "https://files.pythonhosted.org/packages/2b/25/ac07d6ad12affa7d1ffed11b77417d0a6308170f44ff20fa1d5aa6333f03/contourpy-1.3.2-pp310-pypy310_pp73-manylinux_2_17_x86_64.manylinux2014_x86_64.whl", hash = "sha256:107ba8a6a7eec58bb475329e6d3b95deba9440667c4d62b9b6063942b61d7f16", size = 315101, upload-time = "2025-04-15T17:45:04.165Z" },
    { url = "https://files.pythonhosted.org/packages/8f/4d/5bb3192bbe9d3f27e3061a6a8e7733c9120e203cb8515767d30973f71030/contourpy-1.3.2-pp310-pypy310_pp73-win_amd64.whl", hash = "sha256:ded1706ed0c1049224531b81128efbd5084598f18d8a2d9efae833edbd2b40ad", size = 220599, upload-time = "2025-04-15T17:45:08.456Z" },
]

[[package]]
name = "cycler"
version = "0.12.1"
source = { registry = "https://pypi.org/simple" }
sdist = { url = "https://files.pythonhosted.org/packages/a9/95/a3dbbb5028f35eafb79008e7522a75244477d2838f38cbb722248dabc2a8/cycler-0.12.1.tar.gz", hash = "sha256:88bb128f02ba341da8ef447245a9e138fae777f6a23943da4540077d3601eb1c", size = 7615, upload-time = "2023-10-07T05:32:18.335Z" }
wheels = [
    { url = "https://files.pythonhosted.org/packages/e7/05/c19819d5e3d95294a6f5947fb9b9629efb316b96de511b418c53d245aae6/cycler-0.12.1-py3-none-any.whl", hash = "sha256:85cef7cff222d8644161529808465972e51340599459b8ac3ccbac5a854e0d30", size = 8321, upload-time = "2023-10-07T05:32:16.783Z" },
]

[[package]]
name = "flake8"
version = "7.3.0"
source = { registry = "https://pypi.org/simple" }
dependencies = [
    { name = "mccabe" },
    { name = "pycodestyle" },
    { name = "pyflakes" },
]
sdist = { url = "https://files.pythonhosted.org/packages/9b/af/fbfe3c4b5a657d79e5c47a2827a362f9e1b763336a52f926126aa6dc7123/flake8-7.3.0.tar.gz", hash = "sha256:fe044858146b9fc69b551a4b490d69cf960fcb78ad1edcb84e7fbb1b4a8e3872", size = 48326, upload-time = "2025-06-20T19:31:35.838Z" }
wheels = [
    { url = "https://files.pythonhosted.org/packages/9f/56/13ab06b4f93ca7cac71078fbe37fcea175d3216f31f85c3168a6bbd0bb9a/flake8-7.3.0-py2.py3-none-any.whl", hash = "sha256:b9696257b9ce8beb888cdbe31cf885c90d31928fe202be0889a7cdafad32f01e", size = 57922, upload-time = "2025-06-20T19:31:34.425Z" },
]

[[package]]
name = "fonttools"
version = "4.63.0"
source = { registry = "https://pypi.org/simple" }
sdist = { url = "https://files.pythonhosted.org/packages/84/69/c97f2c18e0db87d2c7b15da1974dace76ae938f1cfa22e2727a648b7ed43/fonttools-4.63.0.tar.gz", hash = "sha256:caeb583deeb5168e694b65cda8b4ee62abedfa66cf88488734466f2366b9c4e0", size = 3597189, upload-time = "2026-05-14T12:04:30.958Z" }
wheels = [
    { url = "https://files.pythonhosted.org/packages/f2/c9/4141c90a90db20f807c7e10bfd689fe53eb8f7f4caff58ee4d4dfe46919f/fonttools-4.63.0-cp310-cp310-macosx_10_9_universal2.whl", hash = "sha256:e3297a6a4059b4acc3a1e9a8b04741f240a80044eef08ebd32e8b5bcdddce75b", size = 2884632, upload-time = "2026-05-14T12:02:38.56Z" },
    { url = "https://files.pythonhosted.org/packages/b8/46/ad12b5c10eae602d7ef814b02afa08aacbf89da917fed5b071282b7eadc2/fonttools-4.63.0-cp310-cp310-macosx_10_9_x86_64.whl", hash = "sha256:b1cd75a03ad8cb5bc40c90bfde68c0c47de423aa19e5c0f362b43520645eea94", size = 2429441, upload-time = "2026-05-14T12:02:41.162Z" },
    { url = "https://files.pythonhosted.org/packages/90/8f/bdca24a84c81d56fffed052229cdcff368f6e05882e526f4558891481f65/fonttools-4.63.0-cp310-cp310-manylinux2014_aarch64.manylinux_2_17_aarch64.manylinux_2_28_aarch64.whl", hash = "sha256:c0425b277a59cff3d80ca42162a8de360f318438a2ac83570842a678d826d579", size = 4946346, upload-time = "2026-05-14T12:02:43.41Z" },
    { url = "https://files.pythonhosted.org/packages/04/59/a639c0e136441ee91a65b56fdf89e5d075927e7a09c559d1b0f5276577db/fonttools-4.63.0-cp310-cp310-manylinux2014_x86_64.manylinux_2_17_x86_64.whl", hash = "sha256:d7e5c9973aa04c95650c96e5f5ad865fbf42d62079163ecfab1e01cbc2504c22", size = 4903184, upload-time = "2026-05-14T12:02:45.742Z" },
    { url = "https://files.pythonhosted.org/packages/e6/53/91b7e0cb45b536f3da1b29ba8cbab89f27e8b986809e0b1982303a3f4eca/fonttools-4.63.0-cp310-cp310-musllinux_1_2_aarch64.whl", hash = "sha256:cb014d58140a38135f16064c74c652ed57aa0b75cbf8bb59cac821f7edb5334e", size = 4922967, upload-time = "2026-05-14T12:02:48.386Z" },
    { url = "https://files.pythonhosted.org/packages/c7/b7/87439bf44e6b97c5538cd29d0b7e366a5b8ce2cc132a4134fb67fa3f2fa2/fonttools-4.63.0-cp310-cp310-musllinux_1_2_x86_64.whl", hash = "sha256:032038247a96c1690f9f31e377c389383c902531b085aa4e4dabd6f57f870e69", size = 5042799, upload-time = "2026-05-14T12:02:50.424Z" },
    { url = "https://files.pythonhosted.org/packages/ad/7c/8b96c3263b89ef99cded544c0f0636686f85dbd3c211c4dceef0231fca23/fonttools-4.63.0-cp310-cp310-win32.whl", hash = "sha256:a8b33a82979e0a6a34ff435cc81317be1f95ec1ebb7a3a2d1c8a6a54f02ae44e", size = 1519704, upload-time = "2026-05-14T12:02:52.523Z" },
    { url = "https://files.pythonhosted.org/packages/e5/4d/2c2f0069970b6907de8fb5b05c5c0193cc22f717df151d1c7aef1c738f58/fonttools-4.63.0-cp310-cp310-win_amd64.whl", hash = "sha256:0c18358a155d75034911c5ee397a5b44cd19dd325dbb8b35fb60bf421d6a72ac", size = 1568666, upload-time = "2026-05-14T12:02:54.917Z" },
    { url = "https://files.pythonhosted.org/packages/2c/47/c99d5268f354002ce80f8d029cd9d7d872969da1de8b93d32de4dc56d6f4/fonttools-4.63.0-py3-none-any.whl", hash = "sha256:445af2eab030a16b9171ea8bdda7ebf7d96bda2df88ee182a464252f6e05e20d", size = 1164562, upload-time = "2026-05-14T12:04:29.092Z" },
]

[[package]]
name = "kiwisolver"
version = "1.5.0"
source = { registry = "https://pypi.org/simple" }
sdist = { url = "https://files.pythonhosted.org/packages/d0/67/9c61eccb13f0bdca9307614e782fec49ffdde0f7a2314935d489fa93cd9c/kiwisolver-1.5.0.tar.gz", hash = "sha256:d4193f3d9dc3f6f79aaed0e5637f45d98850ebf01f7ca20e69457f3e8946b66a", size = 103482, upload-time = "2026-03-09T13:15:53.382Z" }
wheels = [
    { url = "https://files.pythonhosted.org/packages/ac/f8/06549565caa026e540b7e7bab5c5a90eb7ca986015f4c48dace243cd24d9/kiwisolver-1.5.0-cp310-cp310-macosx_10_9_universal2.whl", hash = "sha256:32cc0a5365239a6ea0c6ed461e8838d053b57e397443c0ca894dcc8e388d4374", size = 122802, upload-time = "2026-03-09T13:12:37.515Z" },
    { url = "https://files.pythonhosted.org/packages/84/eb/8476a0818850c563ff343ea7c9c05dcdcbd689a38e01aa31657df01f91fa/kiwisolver-1.5.0-cp310-cp310-macosx_10_9_x86_64.whl", hash = "sha256:cc0b66c1eec9021353a4b4483afb12dfd50e3669ffbb9152d6842eb34c7e29fd", size = 66216, upload-time = "2026-03-09T13:12:38.812Z" },
    { url = "https://files.pythonhosted.org/packages/f3/c4/f9c8a6b4c21aed4198566e45923512986d6cef530e7263b3a5f823546561/kiwisolver-1.5.0-cp310-cp310-macosx_11_0_arm64.whl", hash = "sha256:86e0287879f75621ae85197b0877ed2f8b7aa57b511c7331dce2eb6f4de7d476", size = 63917, upload-time = "2026-03-09T13:12:40.053Z" },
    { url = "https://files.pythonhosted.org/packages/f1/0e/ba4ae25d03722f64de8b2c13e80d82ab537a06b30fc7065183c6439357e3/kiwisolver-1.5.0-cp310-cp310-manylinux_2_12_x86_64.manylinux2010_x86_64.whl", hash = "sha256:62f59da443c4f4849f73a51a193b1d9d258dcad0c41bc4d1b8fb2bcc04bfeb22", size = 1628776, upload-time = "2026-03-09T13:12:41.976Z" },
    { url = "https://files.pythonhosted.org/packages/8a/e4/3f43a011bc8a0860d1c96f84d32fa87439d3feedf66e672fef03bf5e8bac/kiwisolver-1.5.0-cp310-cp310-manylinux_2_24_aarch64.manylinux_2_28_aarch64.whl", hash = "sha256:9190426b7aa26c5229501fa297b8d0653cfd3f5a36f7990c264e157cbf886b3b", size = 1228164, upload-time = "2026-03-09T13:12:44.002Z" },
    { url = "https://files.pythonhosted.org/packages/4b/34/3a901559a1e0c218404f9a61a93be82d45cb8f44453ba43088644980f033/kiwisolver-1.5.0-cp310-cp310-manylinux_2_24_ppc64le.manylinux_2_28_ppc64le.whl", hash = "sha256:c8277104ded0a51e699c8c3aff63ce2c56d4ed5519a5f73e0fd7057f959a2b9e", size = 1246656, upload-time = "2026-03-09T13:12:45.557Z" },
    { url = "https://files.pythonhosted.org/packages/87/9e/f78c466ea20527822b95ad38f141f2de1dcd7f23fb8716b002b0d91bbe59/kiwisolver-1.5.0-cp310-cp310-manylinux_2_24_s390x.manylinux_2_28_s390x.whl", hash = "sha256:8f9baf6f0a6e7571c45c8863010b45e837c3ee1c2c77fcd6ef423be91b21fedb", size = 1295562, upload-time = "2026-03-09T13:12:47.562Z" },
    { url = "https://files.pythonhosted.org/packages/0a/66/fd0e4a612e3a286c24e6d6f3a5428d11258ed1909bc530ba3b59807fd980/kiwisolver-1.5.0-cp310-cp310-musllinux_1_2_aarch64.whl", hash = "sha256:cff8e5383db4989311f99e814feeb90c4723eb4edca425b9d5d9c3fefcdd9537", size = 2178473, upload-time = "2026-03-09T13:12:50.254Z" },
    { url = "https://files.pythonhosted.org/packages/dc/8e/6cac929e0049539e5ee25c1ee937556f379ba5204840d03008363ced662d/kiwisolver-1.5.0-cp310-cp310-musllinux_1_2_ppc64le.whl", hash = "sha256:ebae99ed6764f2b5771c522477b311be313e8841d2e0376db2b10922daebbba4", size = 2274035, upload-time = "2026-03-09T13:12:51.785Z" },
    { url = "https://files.pythonhosted.org/packages/ca/d3/9d0c18f1b52ea8074b792452cf17f1f5a56bd0302a85191f405cfbf9da16/kiwisolver-1.5.0-cp310-cp310-musllinux_1_2_s390x.whl", hash = "sha256:d5cd5189fc2b6a538b75ae45433140c4823463918f7b1617c31e68b085c0022c", size = 2443217, upload-time = "2026-03-09T13:12:53.329Z" },
    { url = "https://files.pythonhosted.org/packages/45/2a/6e19368803a038b2a90857bf4ee9e3c7b667216d045866bf22d3439fd75e/kiwisolver-1.5.0-cp310-cp310-musllinux_1_2_x86_64.whl", hash = "sha256:f42c23db5d1521218a3276bb08666dcb662896a0be7347cba864eca45ff64ede", size = 2249196, upload-time = "2026-03-09T13:12:55.057Z" },
    { url = "https://files.pythonhosted.org/packages/75/2b/3f641dfcbe72e222175d626bacf2f72c3b34312afec949dd1c50afa400f5/kiwisolver-1.5.0-cp310-cp310-win_amd64.whl", hash = "sha256:94eff26096eb5395136634622515b234ecb6c9979824c1f5004c6e3c3c85ccd2", size = 73389, upload-time = "2026-03-09T13:12:56.496Z" },
    { url = "https://files.pythonhosted.org/packages/da/88/299b137b9e0025d8982e03d2d52c123b0a2b159e84b0ef1501ef446339cf/kiwisolver-1.5.0-cp310-cp310-win_arm64.whl", hash = "sha256:dd952e03bfbb096cfe2dd35cd9e00f269969b67536cb4370994afc20ff2d0875", size = 64782, upload-time = "2026-03-09T13:12:57.609Z" },
    { url = "https://files.pythonhosted.org/packages/17/6f/6fd4f690a40c2582fa34b97d2678f718acf3706b91d270c65ecb455d0a06/kiwisolver-1.5.0-pp310-pypy310_pp73-macosx_10_15_x86_64.whl", hash = "sha256:295d9ffe712caa9f8a3081de8d32fc60191b4b51c76f02f951fd8407253528f4", size = 59606, upload-time = "2026-03-09T13:15:40.81Z" },
    { url = "https://files.pythonhosted.org/packages/82/a0/2355d5e3b338f13ce63f361abb181e3b6ea5fffdb73f739b3e80efa76159/kiwisolver-1.5.0-pp310-pypy310_pp73-macosx_11_0_arm64.whl", hash = "sha256:51e8c4084897de9f05898c2c2a39af6318044ae969d46ff7a34ed3f96274adca", size = 57537, upload-time = "2026-03-09T13:15:42.071Z" },
    { url = "https://files.pythonhosted.org/packages/c8/b9/1d50e610ecadebe205b71d6728fd224ce0e0ca6aba7b9cbe1da049203ac5/kiwisolver-1.5.0-pp310-pypy310_pp73-manylinux2014_x86_64.manylinux_2_17_x86_64.whl", hash = "sha256:b83af57bdddef03c01a9138034c6ff03181a3028d9a1003b301eb1a55e161a3f", size = 79888, upload-time = "2026-03-09T13:15:43.317Z" },
    { url = "https://files.pythonhosted.org/packages/cd/ee/b85ffcd75afed0357d74f0e6fc02a4507da441165de1ca4760b9f496390d/kiwisolver-1.5.0-pp310-pypy310_pp73-manylinux_2_24_aarch64.manylinux_2_28_aarch64.whl", hash = "sha256:bf4679a3d71012a7c2bf360e5cd878fbd5e4fcac0896b56393dec239d81529ed", size = 77584, upload-time = "2026-03-09T13:15:44.605Z" },
    { url = "https://files.pythonhosted.org/packages/6b/dd/644d0dde6010a8583b4cd66dd41c5f83f5325464d15c4f490b3340ab73b4/kiwisolver-1.5.0-pp310-pypy310_pp73-win_amd64.whl", hash = "sha256:41024ed50e44ab1a60d3fe0a9d15a4ccc9f5f2b1d814ff283c8d01134d5b81bc", size = 73390, upload-time = "2026-03-09T13:15:45.832Z" },
]

[[package]]
name = "matplotlib"
version = "3.10.9"
source = { registry = "https://pypi.org/simple" }
dependencies = [
    { name = "contourpy" },
    { name = "cycler" },
    { name = "fonttools" },
    { name = "kiwisolver" },
    { name = "numpy" },
    { name = "packaging" },
    { name = "pillow" },
    { name = "pyparsing" },
    { name = "python-dateutil" },
]
sdist = { url = "https://files.pythonhosted.org/packages/63/1b/4be5be87d43d327a0cf4de1a56e86f7f84c89312452406cf122efe2839e6/matplotlib-3.10.9.tar.gz", hash = "sha256:fd66508e8c6877d98e586654b608a0456db8d7e8a546eb1e2600efd957302358", size = 34811233, upload-time = "2026-04-24T00:14:13.539Z" }
wheels = [
    { url = "https://files.pythonhosted.org/packages/18/6f/340b04986e67aac6f66c5145ce68bf72c64bed30f92c8913499a6e6b8f99/matplotlib-3.10.9-cp310-cp310-macosx_10_12_x86_64.whl", hash = "sha256:77210dce9cb8153dffc967efaae990543392563d5a376d4dd8539bebcb0ed217", size = 8296625, upload-time = "2026-04-24T00:11:43.376Z" },
    { url = "https://files.pythonhosted.org/packages/bb/2f/127081eb83162053ebb9678ceac64220b93a663e0167432566e9c7c82aab/matplotlib-3.10.9-cp310-cp310-macosx_11_0_arm64.whl", hash = "sha256:1e7698ac9868428e84d2c967424803b2472ff7167d9d6590d4204ed775343c3b", size = 8188790, upload-time = "2026-04-24T00:11:46.556Z" },
    { url = "https://files.pythonhosted.org/packages/fc/b7/d8bcec2626c35f96972bff656299fef4578113ea6193c8fdad324710410c/matplotlib-3.10.9-cp310-cp310-manylinux2014_x86_64.manylinux_2_17_x86_64.whl", hash = "sha256:1aa972116abb4c9d201bf245620b433726cb6856f3bef6a78f776a00f5c92d37", size = 8769389, upload-time = "2026-04-24T00:11:48.959Z" },
    { url = "https://files.pythonhosted.org/packages/12/49/b78e214a527ea732033b7f4d37f7afb504d74ba9d134bd47938230dfb8b1/matplotlib-3.10.9-cp310-cp310-manylinux_2_27_aarch64.manylinux_2_28_aarch64.whl", hash = "sha256:ae2f11957b27ce53497dd4d7b235c4d4f1faf383dfb39d0c5beb833bff883294", size = 9589657, upload-time = "2026-04-24T00:11:51.915Z" },
    { url = "https://files.pythonhosted.org/packages/5f/15/5246f7b43beae19c74dfee651d58d6cc8112e06f77adb4e88cc04f2e3a23/matplotlib-3.10.9-cp310-cp310-musllinux_1_2_x86_64.whl", hash = "sha256:b049278ddce116aaa1c1377ebf58adea909132dfce0281cf7e3a1ea9fc2e2c65", size = 9651983, upload-time = "2026-04-24T00:11:54.766Z" },
    { url = "https://files.pythonhosted.org/packages/75/77/5acecfe672ba0fa1b8c0454f69ce155d1e6fc5852fa7206bf9afaf767121/matplotlib-3.10.9-cp310-cp310-win_amd64.whl", hash = "sha256:82834c3c292d24d3a8aae77cd2d20019de69d692a34a970e4fdb8d33e2ea3dda", size = 8199701, upload-time = "2026-04-24T00:11:58.389Z" },
    { url = "https://files.pythonhosted.org/packages/2c/2b/0e92ad0ac446633f928a1563db4aa8add407e1924faf0ded5b95b35afb27/matplotlib-3.10.9-pp310-pypy310_pp73-macosx_10_15_x86_64.whl", hash = "sha256:1872fb212a05b729e649754a72d5da61d03e0554d76e80303b6f83d1d2c0552b", size = 8293058, upload-time = "2026-04-24T00:13:56.339Z" },
    { url = "https://files.pythonhosted.org/packages/4b/23/74682fd369f5299ceda438fea2a0662e6383b85c9383fb9cdfcf04713e07/matplotlib-3.10.9-pp310-pypy310_pp73-macosx_11_0_arm64.whl", hash = "sha256:985f2238880e2e69093f588f5fe2e46771747febf0649f3cf7f7b7480875317f", size = 8186627, upload-time = "2026-04-24T00:13:58.623Z" },
    { url = "https://files.pythonhosted.org/packages/ca/e8/368aab88f3c4cd8992800f31abfe0670c3e47540ba20a97e9fdbcde594b3/matplotlib-3.10.9-pp310-pypy310_pp73-manylinux2014_x86_64.manylinux_2_17_x86_64.whl", hash = "sha256:6640f75af2c6148293caa0a2b39dd806a492dd66c8a8b04035813e33d0fd2585", size = 8764117, upload-time = "2026-04-24T00:14:01.684Z" },
]

[[package]]
name = "mccabe"
version = "0.7.0"
source = { registry = "https://pypi.org/simple" }
sdist = { url = "https://files.pythonhosted.org/packages/e7/ff/0ffefdcac38932a54d2b5eed4e0ba8a408f215002cd178ad1df0f2806ff8/mccabe-0.7.0.tar.gz", hash = "sha256:348e0240c33b60bbdf4e523192ef919f28cb2c3d7d5c7794f74009290f236325", size = 9658, upload-time = "2022-01-24T01:14:51.113Z" }
wheels = [
    { url = "https://files.pythonhosted.org/packages/27/1a/1f68f9ba0c207934b35b86a8ca3aad8395a3d6dd7921c0686e23853ff5a9/mccabe-0.7.0-py2.py3-none-any.whl", hash = "sha256:6c2d30ab6be0e4a46919781807b4f0d834ebdd6c6e3dca0bda5a15f863427b6e", size = 7350, upload-time = "2022-01-24T01:14:49.62Z" },
]

[[package]]
name = "numpy"
version = "2.2.6"
source = { registry = "https://pypi.org/simple" }
sdist = { url = "https://files.pythonhosted.org/packages/76/21/7d2a95e4bba9dc13d043ee156a356c0a8f0c6309dff6b21b4d71a073b8a8/numpy-2.2.6.tar.gz", hash = "sha256:e29554e2bef54a90aa5cc07da6ce955accb83f21ab5de01a62c8478897b264fd", size = 20276440, upload-time = "2025-05-17T22:38:04.611Z" }
wheels = [
    { url = "https://files.pythonhosted.org/packages/9a/3e/ed6db5be21ce87955c0cbd3009f2803f59fa08df21b5df06862e2d8e2bdd/numpy-2.2.6-cp310-cp310-macosx_10_9_x86_64.whl", hash = "sha256:b412caa66f72040e6d268491a59f2c43bf03eb6c96dd8f0307829feb7fa2b6fb", size = 21165245, upload-time = "2025-05-17T21:27:58.555Z" },
    { url = "https://files.pythonhosted.org/packages/22/c2/4b9221495b2a132cc9d2eb862e21d42a009f5a60e45fc44b00118c174bff/numpy-2.2.6-cp310-cp310-macosx_11_0_arm64.whl", hash = "sha256:8e41fd67c52b86603a91c1a505ebaef50b3314de0213461c7a6e99c9a3beff90", size = 14360048, upload-time = "2025-05-17T21:28:21.406Z" },
    { url = "https://files.pythonhosted.org/packages/fd/77/dc2fcfc66943c6410e2bf598062f5959372735ffda175b39906d54f02349/numpy-2.2.6-cp310-cp310-macosx_14_0_arm64.whl", hash = "sha256:37e990a01ae6ec7fe7fa1c26c55ecb672dd98b19c3d0e1d1f326fa13cb38d163", size = 5340542, upload-time = "2025-05-17T21:28:30.931Z" },
    { url = "https://files.pythonhosted.org/packages/7a/4f/1cb5fdc353a5f5cc7feb692db9b8ec2c3d6405453f982435efc52561df58/numpy-2.2.6-cp310-cp310-macosx_14_0_x86_64.whl", hash = "sha256:5a6429d4be8ca66d889b7cf70f536a397dc45ba6faeb5f8c5427935d9592e9cf", size = 6878301, upload-time = "2025-05-17T21:28:41.613Z" },
    { url = "https://files.pythonhosted.org/packages/eb/17/96a3acd228cec142fcb8723bd3cc39c2a474f7dcf0a5d16731980bcafa95/numpy-2.2.6-cp310-cp310-manylinux_2_17_aarch64.manylinux2014_aarch64.whl", hash = "sha256:efd28d4e9cd7d7a8d39074a4d44c63eda73401580c5c76acda2ce969e0a38e83", size = 14297320, upload-time = "2025-05-17T21:29:02.78Z" },
    { url = "https://files.pythonhosted.org/packages/b4/63/3de6a34ad7ad6646ac7d2f55ebc6ad439dbbf9c4370017c50cf403fb19b5/numpy-2.2.6-cp310-cp310-manylinux_2_17_x86_64.manylinux2014_x86_64.whl", hash = "sha256:fc7b73d02efb0e18c000e9ad8b83480dfcd5dfd11065997ed4c6747470ae8915", size = 16801050, upload-time = "2025-05-17T21:29:27.675Z" },
    { url = "https://files.pythonhosted.org/packages/07/b6/89d837eddef52b3d0cec5c6ba0456c1bf1b9ef6a6672fc2b7873c3ec4e2e/numpy-2.2.6-cp310-cp310-musllinux_1_2_aarch64.whl", hash = "sha256:74d4531beb257d2c3f4b261bfb0fc09e0f9ebb8842d82a7b4209415896adc680", size = 15807034, upload-time = "2025-05-17T21:29:51.102Z" },
    { url = "https://files.pythonhosted.org/packages/01/c8/dc6ae86e3c61cfec1f178e5c9f7858584049b6093f843bca541f94120920/numpy-2.2.6-cp310-cp310-musllinux_1_2_x86_64.whl", hash = "sha256:8fc377d995680230e83241d8a96def29f204b5782f371c532579b4f20607a289", size = 18614185, upload-time = "2025-05-17T21:30:18.703Z" },
    { url = "https://files.pythonhosted.org/packages/5b/c5/0064b1b7e7c89137b471ccec1fd2282fceaae0ab3a9550f2568782d80357/numpy-2.2.6-cp310-cp310-win32.whl", hash = "sha256:b093dd74e50a8cba3e873868d9e93a85b78e0daf2e98c6797566ad8044e8363d", size = 6527149, upload-time = "2025-05-17T21:30:29.788Z" },
    { url = "https://files.pythonhosted.org/packages/a3/dd/4b822569d6b96c39d1215dbae0582fd99954dcbcf0c1a13c61783feaca3f/numpy-2.2.6-cp310-cp310-win_amd64.whl", hash = "sha256:f0fd6321b839904e15c46e0d257fdd101dd7f530fe03fd6359c1ea63738703f3", size = 12904620, upload-time = "2025-05-17T21:30:48.994Z" },
    { url = "https://files.pythonhosted.org/packages/9e/3b/d94a75f4dbf1ef5d321523ecac21ef23a3cd2ac8b78ae2aac40873590229/numpy-2.2.6-pp310-pypy310_pp73-macosx_10_15_x86_64.whl", hash = "sha256:0b605b275d7bd0c640cad4e5d30fa701a8d59302e127e5f79138ad62762c3e3d", size = 21040391, upload-time = "2025-05-17T21:44:35.948Z" },
    { url = "https://files.pythonhosted.org/packages/17/f4/09b2fa1b58f0fb4f7c7963a1649c64c4d315752240377ed74d9cd878f7b5/numpy-2.2.6-pp310-pypy310_pp73-macosx_14_0_x86_64.whl", hash = "sha256:7befc596a7dc9da8a337f79802ee8adb30a552a94f792b9c9d18c840055907db", size = 6786754, upload-time = "2025-05-17T21:44:47.446Z" },
    { url = "https://files.pythonhosted.org/packages/af/30/feba75f143bdc868a1cc3f44ccfa6c4b9ec522b36458e738cd00f67b573f/numpy-2.2.6-pp310-pypy310_pp73-manylinux_2_17_x86_64.manylinux2014_x86_64.whl", hash = "sha256:ce47521a4754c8f4593837384bd3424880629f718d87c5d44f8ed763edd63543", size = 16643476, upload-time = "2025-05-17T21:45:11.871Z" },
    { url = "https://files.pythonhosted.org/packages/37/48/ac2a9584402fb6c0cd5b5d1a91dcf176b15760130dd386bbafdbfe3640bf/numpy-2.2.6-pp310-pypy310_pp73-win_amd64.whl", hash = "sha256:d042d24c90c41b54fd506da306759e06e568864df8ec17ccc17e9e884634fd00", size = 12812666, upload-time = "2025-05-17T21:45:31.426Z" },
]

[[package]]
name = "packaging"
version = "26.3"
source = { registry = "https://pypi.org/simple" }
sdist = { url = "https://files.pythonhosted.org/packages/7d/fa/3944b40b07da9ce895c0e6303a5ab7d53da063554f534556b134a54d6093/packaging-26.3.tar.gz", hash = "sha256:94edc256424af38762eb31306eed28beb9f0efc50a8837492c9d6fd6004aed79", size = 313412, upload-time = "2026-08-04T18:15:28.737Z" }
wheels = [
    { url = "https://files.pythonhosted.org/packages/63/34/ba1c580383c9eada3711951fef0795c80b829a078d72188184bcab9dd527/packaging-26.3-py3-none-any.whl", hash = "sha256:d7193f7c8e4e93f444fde0262bf90af30e16fa0ad0ad44cb553c87339b23cd1c", size = 129956, upload-time = "2026-08-04T18:15:27.159Z" },
]

[[package]]
name = "pandas"
version = "2.3.3"
source = { registry = "https://pypi.org/simple" }
dependencies = [
    { name = "numpy" },
    { name = "python-dateutil" },
    { name = "pytz" },
    { name = "tzdata" },
]
sdist = { url = "https://files.pythonhosted.org/packages/33/01/d40b85317f86cf08d853a4f495195c73815fdf205eef3993821720274518/pandas-2.3.3.tar.gz", hash = "sha256:e05e1af93b977f7eafa636d043f9f94c7ee3ac81af99c13508215942e64c993b", size = 4495223, upload-time = "2025-09-29T23:34:51.853Z" }
wheels = [
    { url = "https://files.pythonhosted.org/packages/3d/f7/f425a00df4fcc22b292c6895c6831c0c8ae1d9fac1e024d16f98a9ce8749/pandas-2.3.3-cp310-cp310-macosx_10_9_x86_64.whl", hash = "sha256:376c6446ae31770764215a6c937f72d917f214b43560603cd60da6408f183b6c", size = 11555763, upload-time = "2025-09-29T23:16:53.287Z" },
    { url = "https://files.pythonhosted.org/packages/13/4f/66d99628ff8ce7857aca52fed8f0066ce209f96be2fede6cef9f84e8d04f/pandas-2.3.3-cp310-cp310-macosx_11_0_arm64.whl", hash = "sha256:e19d192383eab2f4ceb30b412b22ea30690c9e618f78870357ae1d682912015a", size = 10801217, upload-time = "2025-09-29T23:17:04.522Z" },
    { url = "https://files.pythonhosted.org/packages/1d/03/3fc4a529a7710f890a239cc496fc6d50ad4a0995657dccc1d64695adb9f4/pandas-2.3.3-cp310-cp310-manylinux_2_24_aarch64.manylinux_2_28_aarch64.whl", hash = "sha256:5caf26f64126b6c7aec964f74266f435afef1c1b13da3b0636c7518a1fa3e2b1", size = 12148791, upload-time = "2025-09-29T23:17:18.444Z" },
    { url = "https://files.pythonhosted.org/packages/40/a8/4dac1f8f8235e5d25b9955d02ff6f29396191d4e665d71122c3722ca83c5/pandas-2.3.3-cp310-cp310-manylinux_2_24_x86_64.manylinux_2_28_x86_64.whl", hash = "sha256:dd7478f1463441ae4ca7308a70e90b33470fa593429f9d4c578dd00d1fa78838", size = 12769373, upload-time = "2025-09-29T23:17:35.846Z" },
    { url = "https://files.pythonhosted.org/packages/df/91/82cc5169b6b25440a7fc0ef3a694582418d875c8e3ebf796a6d6470aa578/pandas-2.3.3-cp310-cp310-musllinux_1_2_aarch64.whl", hash = "sha256:4793891684806ae50d1288c9bae9330293ab4e083ccd1c5e383c34549c6e4250", size = 13200444, upload-time = "2025-09-29T23:17:49.341Z" },
    { url = "https://files.pythonhosted.org/packages/10/ae/89b3283800ab58f7af2952704078555fa60c807fff764395bb57ea0b0dbd/pandas-2.3.3-cp310-cp310-musllinux_1_2_x86_64.whl", hash = "sha256:28083c648d9a99a5dd035ec125d42439c6c1c525098c58af0fc38dd1a7a1b3d4", size = 13858459, upload-time = "2025-09-29T23:18:03.722Z" },
    { url = "https://files.pythonhosted.org/packages/85/72/530900610650f54a35a19476eca5104f38555afccda1aa11a92ee14cb21d/pandas-2.3.3-cp310-cp310-win_amd64.whl", hash = "sha256:503cf027cf9940d2ceaa1a93cfb5f8c8c7e6e90720a2850378f0b3f3b1e06826", size = 11346086, upload-time = "2025-09-29T23:18:18.505Z" },
]

[[package]]
name = "pillow"
version = "12.3.0"
source = { registry = "https://pypi.org/simple" }
sdist = { url = "https://files.pythonhosted.org/packages/1c/3d/bb7fca845737cf9d7dbde16ed1843984665ff2e0a518f5db43e77ec540b9/pillow-12.3.0.tar.gz", hash = "sha256:3b8182a766685eaa002637e28b4ec8d6b18819a0c71f579bf0dbaa5830297cce", size = 47025035, upload-time = "2026-07-01T11:56:38.965Z" }
wheels = [
    { url = "https://files.pythonhosted.org/packages/25/c2/669d88644cddb1485bd9534e63e8cf476c8e51cb3c3a1297677023505c0e/pillow-12.3.0-cp310-cp310-macosx_10_10_x86_64.whl", hash = "sha256:6c0016e7b354317c4e9e525b937ac8596c38d2d232b419529b9cd7a1cd46e39a", size = 5392418, upload-time = "2026-07-01T11:53:27.808Z" },
    { url = "https://files.pythonhosted.org/packages/6b/ba/3762f376a2948e3036488d773a146e0ae6ecc2ca03ac20e2615bd0b2ba02/pillow-12.3.0-cp310-cp310-macosx_11_0_arm64.whl", hash = "sha256:bcc33feacfaefce60c12fd500a277533bdc02b10a19f7f6d348763d8140bbba7", size = 4785287, upload-time = "2026-07-01T11:53:29.761Z" },
    { url = "https://files.pythonhosted.org/packages/07/50/b5d688cc9c52d4482f3d5bcab6ce20bc2a74a85d2343841c907444a3be2c/pillow-12.3.0-cp310-cp310-manylinux_2_27_aarch64.manylinux_2_28_aarch64.whl", hash = "sha256:5594fc43d548a7ed94949d139aa1341b270f1863f11cfd37f5a6c8b778a6b67f", size = 6253754, upload-time = "2026-07-01T11:53:32.298Z" },
    { url = "https://files.pythonhosted.org/packages/4e/89/36f4cd76cf4baf05c50ababb976249153f18c959171c7f6ba09a6f217260/pillow-12.3.0-cp310-cp310-manylinux_2_27_x86_64.manylinux_2_28_x86_64.whl", hash = "sha256:f0606c8bf2cdefea14a43530f7657cbbb7ecf1c4222512492ef4a4434a9501ec", size = 6925605, upload-time = "2026-07-01T11:53:34.487Z" },
    { url = "https://files.pythonhosted.org/packages/eb/c0/4de58cf6633b9e3a6061ef4be6fb91fc3c90b812ece886f531e3c523d777/pillow-12.3.0-cp310-cp310-musllinux_1_2_aarch64.whl", hash = "sha256:85f998ea1848bc6757289e739cfbdda3a04adfd58b02fc018ce54d754a5ce468", size = 6327788, upload-time = "2026-07-01T11:53:36.433Z" },
    { url = "https://files.pythonhosted.org/packages/87/3c/14d53682a19550dbbaf3b598f807d5457646c510805a44c7d7891cd1cd1a/pillow-12.3.0-cp310-cp310-musllinux_1_2_x86_64.whl", hash = "sha256:25b9b82bb22e6e2b3cd07b39c68b7b862001226cb3dff7130d1cb914121b39ed", size = 7036288, upload-time = "2026-07-01T11:53:38.712Z" },
    { url = "https://files.pythonhosted.org/packages/38/1d/36279e3c77efe034e4cc2b0393ee74ffdb5a62391dacbf9b916154f5f0b8/pillow-12.3.0-cp310-cp310-win32.whl", hash = "sha256:37dc8f7bbb66efe481bb60defacef820c950c24713fb44962ed6aa2a50966de1", size = 6472396, upload-time = "2026-07-01T11:53:40.781Z" },
    { url = "https://files.pythonhosted.org/packages/48/7c/8fa0039574c476d7c6fa57dd7c32a130436877c6ec1e5ce1cc8ec44878c1/pillow-12.3.0-cp310-cp310-win_amd64.whl", hash = "sha256:300557495eb45ebb8aec96c2da9c4be642fbf7cd937278b4013ba894ea8eb0eb", size = 7226887, upload-time = "2026-07-01T11:53:42.764Z" },
    { url = "https://files.pythonhosted.org/packages/fa/17/e324be141d173c1c919428066c3259f21c1b8982e564e01a4a81e96dbdcf/pillow-12.3.0-cp310-cp310-win_arm64.whl", hash = "sha256:514435a37670e3e5e08f3945b68718b6ed329bb84367777e16f9f4dfe1e61a0f", size = 2568039, upload-time = "2026-07-01T11:53:45.372Z" },
]

[[package]]
name = "pycodestyle"
version = "2.14.0"
source = { registry = "https://pypi.org/simple" }
sdist = { url = "https://files.pythonhosted.org/packages/11/e0/abfd2a0d2efe47670df87f3e3a0e2edda42f055053c85361f19c0e2c1ca8/pycodestyle-2.14.0.tar.gz", hash = "sha256:c4b5b517d278089ff9d0abdec919cd97262a3367449ea1c8b49b91529167b783", size = 39472, upload-time = "2025-06-20T18:49:48.75Z" }
wheels = [
    { url = "https://files.pythonhosted.org/packages/d7/27/a58ddaf8c588a3ef080db9d0b7e0b97215cee3a45df74f3a94dbbf5c893a/pycodestyle-2.14.0-py2.py3-none-any.whl", hash = "sha256:dd6bf7cb4ee77f8e016f9c8e74a35ddd9f67e1d5fd4184d86c3b98e07099f42d", size = 31594, upload-time = "2025-06-20T18:49:47.491Z" },
]

[[package]]
name = "pyflakes"
version = "3.4.0"
source = { registry = "https://pypi.org/simple" }
sdist = { url = "https://files.pythonhosted.org/packages/45/dc/fd034dc20b4b264b3d015808458391acbf9df40b1e54750ef175d39180b1/pyflakes-3.4.0.tar.gz", hash = "sha256:b24f96fafb7d2ab0ec5075b7350b3d2d2218eab42003821c06344973d3ea2f58", size = 64669, upload-time = "2025-06-20T18:45:27.834Z" }
wheels = [
    { url = "https://files.pythonhosted.org/packages/c2/2f/81d580a0fb83baeb066698975cb14a618bdbed7720678566f1b046a95fe8/pyflakes-3.4.0-py2.py3-none-any.whl", hash = "sha256:f742a7dbd0d9cb9ea41e9a24a918996e8170c799fa528688d40dd582c8265f4f", size = 63551, upload-time = "2025-06-20T18:45:26.937Z" },
]

[[package]]
name = "pyparsing"
version = "3.3.2"
source = { registry = "https://pypi.org/simple" }
sdist = { url = "https://files.pythonhosted.org/packages/f3/91/9c6ee907786a473bf81c5f53cf703ba0957b23ab84c264080fb5a450416f/pyparsing-3.3.2.tar.gz", hash = "sha256:c777f4d763f140633dcb6d8a3eda953bf7a214dc4eff598413c070bcdc117cbc", size = 6851574, upload-time = "2026-01-21T03:57:59.36Z" }
wheels = [
    { url = "https://files.pythonhosted.org/packages/10/bd/c038d7cc38edc1aa5bf91ab8068b63d4308c66c4c8bb3cbba7dfbc049f9c/pyparsing-3.3.2-py3-none-any.whl", hash = "sha256:850ba148bd908d7e2411587e247a1e4f0327839c40e2e5e6d05a007ecc69911d", size = 122781, upload-time = "2026-01-21T03:57:55.912Z" },
]

[[package]]
name = "python-2-datatable"
version = "0.1.0"
source = { virtual = "." }
dependencies = [
    { name = "flake8" },
    { name = "matplotlib" },
    { name = "pandas" },
]

[package.metadata]
requires-dist = [
    { name = "flake8", specifier = ">=7.3.0" },
    { name = "matplotlib", specifier = ">=3.5.0" },
    { name = "pandas", specifier = ">=1.5.0,<3.0.0" },
]

[[package]]
name = "python-dateutil"
version = "2.9.0.post0"
source = { registry = "https://pypi.org/simple" }
dependencies = [
    { name = "six" },
]
sdist = { url = "https://files.pythonhosted.org/packages/66/c0/0c8b6ad9f17a802ee498c46e004a0eb49bc148f2fd230864601a86dcf6db/python-dateutil-2.9.0.post0.tar.gz", hash = "sha256:37dd54208da7e1cd875388217d5e00ebd4179249f90fb72437e91a35459a0ad3", size = 342432, upload-time = "2024-03-01T18:36:20.211Z" }
wheels = [
    { url = "https://files.pythonhosted.org/packages/ec/57/56b9bcc3c9c6a792fcbaf139543cee77261f3651ca9da0c93f5c1221264b/python_dateutil-2.9.0.post0-py2.py3-none-any.whl", hash = "sha256:a8b2bc7bffae282281c8140a97d3aa9c14da0b136dfe83f850eea9a5f7470427", size = 229892, upload-time = "2024-03-01T18:36:18.57Z" },
]

[[package]]
name = "pytz"
version = "2026.3.post1"
source = { registry = "https://pypi.org/simple" }
sdist = { url = "https://files.pythonhosted.org/packages/fb/48/fb042503b6ca6cd271261dc559fd6432f7d8c713153e9ec5c591af4dfc1c/pytz-2026.3.post1.tar.gz", hash = "sha256:2211d3fcf9a797d3405cac96ac7f61d80e6a644f72a3309607282fe8a2010c5d", size = 319745, upload-time = "2026-07-25T15:12:07.385Z" }
wheels = [
    { url = "https://files.pythonhosted.org/packages/0f/7b/39c34ca613b0b198cb866466651b26b045e2009864c5183c979a3b83f383/pytz-2026.3.post1-py2.py3-none-any.whl", hash = "sha256:dd95840dd199baea12d9cc096a1d452caa6596a1c1e4b5f3dbd1541855d5e815", size = 508283, upload-time = "2026-07-25T15:12:05.782Z" },
]

[[package]]
name = "six"
version = "1.17.0"
source = { registry = "https://pypi.org/simple" }
sdist = { url = "https://files.pythonhosted.org/packages/94/e7/b2c673351809dca68a0e064b6af791aa332cf192da575fd474ed7d6f16a2/six-1.17.0.tar.gz", hash = "sha256:ff70335d468e7eb6ec65b95b99d3a2836546063f63acc5171de367e834932a81", size = 34031, upload-time = "2024-12-04T17:35:28.174Z" }
wheels = [
    { url = "https://files.pythonhosted.org/packages/b7/ce/149a00dd41f10bc29e5921b496af8b574d8413afcd5e30dfa0ed46c2cc5e/six-1.17.0-py2.py3-none-any.whl", hash = "sha256:4721f391ed90541fddacab5acf947aa0d3dc7d27b2e1e8eda2be8970586c3274", size = 11050, upload-time = "2024-12-04T17:35:26.475Z" },
]

[[package]]
name = "tzdata"
version = "2026.3"
source = { registry = "https://pypi.org/simple" }
sdist = { url = "https://files.pythonhosted.org/packages/92/ff/5a28bdfd8c3ebec42564ac7d0e54ca3db65044a9314a97f9564fa7a1e926/tzdata-2026.3.tar.gz", hash = "sha256:4a1518b8993086a7982523e071643f3c0e5f213e75b21318e78bcabfff9d1415", size = 198674, upload-time = "2026-07-10T08:50:37.887Z" }
wheels = [
    { url = "https://files.pythonhosted.org/packages/e5/6d/b53b99a9f2766d095985947a5782f1702cabb129a34f7a802d7197af832f/tzdata-2026.3-py2.py3-none-any.whl", hash = "sha256:dc096730c87af6cab1b171c9d532be840741ff5d459015e7f6947bd7d7e54931", size = 348168, upload-time = "2026-07-10T08:50:36.46Z" },
]
